// !$*UTF8*$!
{
	archiveVersion = 1;
	classes = {
	};
	objectVersion = 55;
	objects = {

/* Begin PBXBuildFile section */
		CA166A668B81C037256BBF6F /* Pods_AphroditeChat.framework in Frameworks */ = {isa = PBXBuildFile; fileRef = 113F35288E232556D29F8FB5 /* Pods_AphroditeChat.framework */; };
		E604D0CD2A059B180011F931 /* Alamofire in Frameworks */ = {isa = PBXBuildFile; productRef = E604D0CC2A059B180011F931 /* Alamofire */; };
		E604D0D22A05AAFA0011F931 /* FirebaseAuth in Frameworks */ = {isa = PBXBuildFile; productRef = E604D0D12A05AAFA0011F931 /* FirebaseAuth */; };
		E604D0D42A05AAFA0011F931 /* FirebaseFirestore in Frameworks */ = {isa = PBXBuildFile; productRef = E604D0D32A05AAFA0011F931 /* FirebaseFirestore */; };
		E604D0D62A05E0E70011F931 /* GoogleService-Info.plist in Resources */ = {isa = PBXBuildFile; fileRef = E604D0D52A05E0E70011F931 /* GoogleService-Info.plist */; };
		E604D0D82A0C068B0011F931 /* Constants.swift in Sources */ = {isa = PBXBuildFile; fileRef = E604D0D72A0C068B0011F931 /* Constants.swift */; };
		E604D0DB2A0E3D490011F931 /* Message.swift in Sources */ = {isa = PBXBuildFile; fileRef = E604D0DA2A0E3D490011F931 /* Message.swift */; };
		E604D0DE2A0E53370011F931 /* MessageCell.swift in Sources */ = {isa = PBXBuildFile; fileRef = E604D0DC2A0E53360011F931 /* MessageCell.swift */; };
		E604D0DF2A0E53370011F931 /* MessageCell.xib in Resources */ = {isa = PBXBuildFile; fileRef = E604D0DD2A0E53360011F931 /* MessageCell.xib */; };
		E610B18E2A14256B00EA9B1B /* IQKeyboardManagerSwift in Frameworks */ = {isa = PBXBuildFile; productRef = E610B18D2A14256B00EA9B1B /* IQKeyboardManagerSwift */; };
		E6D82AB829FC075700C46460 /* AppDelegate.swift in Sources */ = {isa = PBXBuildFile; fileRef = E6D82AB729FC075700C46460 /* AppDelegate.swift */; };
		E6D82ABA29FC075700C46460 /* SceneDelegate.swift in Sources */ = {isa = PBXBuildFile; fileRef = E6D82AB929FC075700C46460 /* SceneDelegate.swift */; };
		E6D82ABC29FC075700C46460 /* WelcomeViewController.swift in Sources */ = {isa = PBXBuildFile; fileRef = E6D82ABB29FC075700C46460 /* WelcomeViewController.swift */; };
		E6D82ABF29FC075700C46460 /* Main.storyboard in Resources */ = {isa = PBXBuildFile; fileRef = E6D82ABD29FC075700C46460 /* Main.storyboard */; };
		E6D82AC129FC075800C46460 /* Assets.xcassets in Resources */ = {isa = PBXBuildFile; fileRef = E6D82AC029FC075800C46460 /* Assets.xcassets */; };
		E6D82AC429FC075800C46460 /* LaunchScreen.storyboard in Resources */ = {isa = PBXBuildFile; fileRef = E6D82AC229FC075800C46460 /* LaunchScreen.storyboard */; };
		E6D82ACE29FC080B00C46460 /* RegisterViewController.swift in Sources */ = {isa = PBXBuildFile; fileRef = E6D82ACD29FC080B00C46460 /* RegisterViewController.swift */; };
		E6D82AD029FC081700C46460 /* LoginViewController.swift in Sources */ = {isa = PBXBuildFile; fileRef = E6D82ACF29FC081700C46460 /* LoginViewController.swift */; };
		E6D82AD229FC082700C46460 /* ChatViewController.swift in Sources */ = {isa = PBXBuildFile; fileRef = E6D82AD129FC082700C46460 /* ChatViewController.swift */; };
/* End PBXBuildFile section */

/* Begin PBXFileReference section */
		113F35288E232556D29F8FB5 /* Pods_AphroditeChat.framework */ = {isa = PBXFileReference; explicitFileType = wrapper.framework; includeInIndex = 0; path = Pods_AphroditeChat.framework; sourceTree = BUILT_PRODUCTS_DIR; };
		1E6F063449F08570296FB189 /* Pods-AphroditeChat.debug.xcconfig */ = {isa = PBXFileReference; includeInIndex = 1; lastKnownFileType = text.xcconfig; name = "Pods-AphroditeChat.debug.xcconfig"; path = "Target Support Files/Pods-AphroditeChat/Pods-AphroditeChat.debug.xcconfig"; sourceTree = "<group>"; };
		E604D0D52A05E0E70011F931 /* GoogleService-Info.plist */ = {isa = PBXFileReference; fileEncoding = 4; lastKnownFileType = text.plist.xml; name = "GoogleService-Info.plist"; path = "../../../../Downloads/GoogleService-Info.plist"; sourceTree = "<group>"; };
		E604D0D72A0C068B0011F931 /* Constants.swift */ = {isa = PBXFileReference; lastKnownFileType = sourcecode.swift; path = Constants.swift; sourceTree = "<group>"; };
		E604D0DA2A0E3D490011F931 /* Message.swift */ = {isa = PBXFileReference; lastKnownFileType = sourcecode.swift; path = Message.swift; sourceTree = "<group>"; };
		E604D0DC2A0E53360011F931 /* MessageCell.swift */ = {isa = PBXFileReference; lastKnownFileType = sourcecode.swift; path = MessageCell.swift; sourceTree = "<group>"; };
		E604D0DD2A0E53360011F931 /* MessageCell.xib */ = {isa = PBXFileReference; lastKnownFileType = file.xib; path = MessageCell.xib; sourceTree = "<group>"; };
		E6D82AB429FC075700C46460 /* Aphrodite Chat.app */ = {isa = PBXFileReference; explicitFileType = wrapper.application; includeInIndex = 0; path = "Aphrodite Chat.app"; sourceTree = BUILT_PRODUCTS_DIR; };
		E6D82AB729FC075700C46460 /* AppDelegate.swift */ = {isa = PBXFileReference; lastKnownFileType = sourcecode.swift; path = AppDelegate.swift; sourceTree = "<group>"; };
		E6D82AB929FC075700C46460 /* SceneDelegate.swift */ = {isa = PBXFileReference; lastKnownFileType = sourcecode.swift; path = SceneDelegate.swift; sourceTree = "<group>"; };
		E6D82ABB29FC075700C46460 /* WelcomeViewController.swift */ = {isa = PBXFileReference; lastKnownFileType = sourcecode.swift; path = WelcomeViewController.swift; sourceTree = "<group>"; };
		E6D82ABE29FC075700C46460 /* Base */ = {isa = PBXFileReference; lastKnownFileType = file.storyboard; name = Base; path = Base.lproj/Main.storyboard; sourceTree = "<group>"; };
		E6D82AC029FC075800C46460 /* Assets.xcassets */ = {isa = PBXFileReference; lastKnownFileType = folder.assetcatalog; path = Assets.xcassets; sourceTree = "<group>"; };
		E6D82AC329FC075800C46460 /* Base */ = {isa = PBXFileReference; lastKnownFileType = file.storyboard; name = Base; path = Base.lproj/LaunchScreen.storyboard; sourceTree = "<group>"; };
		E6D82AC529FC075800C46460 /* Info.plist */ = {isa = PBXFileReference; lastKnownFileType = text.plist.xml; path = Info.plist; sourceTree = "<group>"; };
		E6D82ACD29FC080B00C46460 /* RegisterViewController.swift */ = {isa = PBXFileReference; lastKnownFileType = sourcecode.swift; path = RegisterViewController.swift; sourceTree = "<group>"; };
		E6D82ACF29FC081700C46460 /* LoginViewController.swift */ = {isa = PBXFileReference; lastKnownFileType = sourcecode.swift; path = LoginViewController.swift; sourceTree = "<group>"; };
		E6D82AD129FC082700C46460 /* ChatViewController.swift */ = {isa = PBXFileReference; lastKnownFileType = sourcecode.swift; path = ChatViewController.swift; sourceTree = "<group>"; };
		FB697C83A69226AA49390712 /* Pods-AphroditeChat.release.xcconfig */ = {isa = PBXFileReference; includeInIndex = 1; lastKnownFileType = text.xcconfig; name = "Pods-AphroditeChat.release.xcconfig"; path = "Target Support Files/Pods-AphroditeChat/Pods-AphroditeChat.release.xcconfig"; sourceTree = "<group>"; };
/* End PBXFileReference section */

/* Begin PBXFrameworksBuildPhase section */
		E6D82AB129FC075700C46460 /* Frameworks */ = {
			isa = PBXFrameworksBuildPhase;
			buildActionMask = 2147483647;
			files = (
				E610B18E2A14256B00EA9B1B /* IQKeyboardManagerSwift in Frameworks */,
				CA166A668B81C037256BBF6F /* Pods_AphroditeChat.framework in Frameworks */,
				E604D0D42A05AAFA0011F931 /* FirebaseFirestore in Frameworks */,
				E604D0D22A05AAFA0011F931 /* FirebaseAuth in Frameworks */,
				E604D0CD2A059B180011F931 /* Alamofire in Frameworks */,
			);
			runOnlyForDeploymentPostprocessing = 0;
		};
/* End PBXFrameworksBuildPhase section */

/* Begin PBXGroup section */
		5CFE02D9CADB37623FA788B1 /* Pods */ = {
			isa = PBXGroup;
			children = (
				1E6F063449F08570296FB189 /* Pods-AphroditeChat.debug.xcconfig */,
				FB697C83A69226AA49390712 /* Pods-AphroditeChat.release.xcconfig */,
			);
			path = Pods;
			sourceTree = "<group>";
		};
		E604D0D92A0E3D290011F931 /* Models */ = {
			isa = PBXGroup;
			children = (
				E604D0DA2A0E3D490011F931 /* Message.swift */,
			);
			path = Models;
			sourceTree = "<group>";
		};
		E6D82AAB29FC075700C46460 = {
			isa = PBXGroup;
			children = (
				E6D82AB629FC075700C46460 /* AphroditeChat */,
				E6D82AB529FC075700C46460 /* Products */,
				5CFE02D9CADB37623FA788B1 /* Pods */,
				FEBDAE14C040841A0EFFF9ED /* Frameworks */,
			);
			sourceTree = "<group>";
		};
		E6D82AB529FC075700C46460 /* Products */ = {
			isa = PBXGroup;
			children = (
				E6D82AB429FC075700C46460 /* Aphrodite Chat.app */,
			);
			name = Products;
			sourceTree = "<group>";
		};
		E6D82AB629FC075700C46460 /* AphroditeChat */ = {
			isa = PBXGroup;
			children = (
				E604D0D92A0E3D290011F931 /* Models */,
				E6D82AB729FC075700C46460 /* AppDelegate.swift */,
				E6D82AB929FC075700C46460 /* SceneDelegate.swift */,
				E6D82ACB29FC078200C46460 /* Views */,
				E6D82ACC29FC07BC00C46460 /* Controllers */,
				E6D82AC029FC075800C46460 /* Assets.xcassets */,
				E6D82AC229FC075800C46460 /* LaunchScreen.storyboard */,
				E6D82AC529FC075800C46460 /* Info.plist */,
				E604D0D52A05E0E70011F931 /* GoogleService-Info.plist */,
				E604D0D72A0C068B0011F931 /* Constants.swift */,
			);
			path = AphroditeChat;
			sourceTree = "<group>";
		};
		E6D82ACB29FC078200C46460 /* Views */ = {
			isa = PBXGroup;
			children = (
				E6D82ABD29FC075700C46460 /* Main.storyboard */,
				E604D0DC2A0E53360011F931 /* MessageCell.swift */,
				E604D0DD2A0E53360011F931 /* MessageCell.xib */,
			);
			path = Views;
			sourceTree = "<group>";
		};
		E6D82ACC29FC07BC00C46460 /* Controllers */ = {
			isa = PBXGroup;
			children = (
				E6D82ABB29FC075700C46460 /* WelcomeViewController.swift */,
				E6D82ACD29FC080B00C46460 /* RegisterViewController.swift */,
				E6D82ACF29FC081700C46460 /* LoginViewController.swift */,
				E6D82AD129FC082700C46460 /* ChatViewController.swift */,
			);
			path = Controllers;
			sourceTree = "<group>";
		};
		FEBDAE14C040841A0EFFF9ED /* Frameworks */ = {
			isa = PBXGroup;
			children = (
				113F35288E232556D29F8FB5 /* Pods_AphroditeChat.framework */,
			);
			name = Frameworks;
			sourceTree = "<group>";
		};
/* End PBXGroup section */

/* Begin PBXNativeTarget section */
		E6D82AB329FC075700C46460 /* Aphrodite Chat */ = {
			isa = PBXNativeTarget;
			buildConfigurationList = E6D82AC829FC075800C46460 /* Build configuration list for PBXNativeTarget "Aphrodite Chat" */;
			buildPhases = (
				2B7DD3792118B4DF3CDEB9D0 /* [CP] Check Pods Manifest.lock */,
				E6D82AB029FC075700C46460 /* Sources */,
				E6D82AB129FC075700C46460 /* Frameworks */,
				E6D82AB229FC075700C46460 /* Resources */,
				8512542DC49E59D07237652C /* [CP] Embed Pods Frameworks */,
			);
			buildRules = (
			);
			dependencies = (
			);
			name = "Aphrodite Chat";
			packageProductDependencies = (
				E604D0CC2A059B180011F931 /* Alamofire */,
				E604D0D12A05AAFA0011F931 /* FirebaseAuth */,
				E604D0D32A05AAFA0011F931 /* FirebaseFirestore */,
				E610B18D2A14256B00EA9B1B /* IQKeyboardManagerSwift */,
			);
			productName = AphroditeChat;
			productReference = E6D82AB429FC075700C46460 /* Aphrodite Chat.app */;
			productType = "com.apple.product-type.application";
		};
/* End PBXNativeTarget section */

/* Begin PBXProject section */
		E6D82AAC29FC075700C46460 /* Project object */ = {
			isa = PBXProject;
			attributes = {
				BuildIndependentTargetsInParallel = 1;
				LastSwiftUpdateCheck = 1340;
				LastUpgradeCheck = 1340;
				TargetAttributes = {
					E6D82AB329FC075700C46460 = {
						CreatedOnToolsVersion = 13.4.1;
					};
				};
			};
			buildConfigurationList = E6D82AAF29FC075700C46460 /* Build configuration list for PBXProject "Aphrodite Chat" */;
			compatibilityVersion = "Xcode 13.0";
			developmentRegion = en;
			hasScannedForEncodings = 0;
			knownRegions = (
				en,
				Base,
			);
			mainGroup = E6D82AAB29FC075700C46460;
			packageReferences = (
				E604D0CB2A059B180011F931 /* XCRemoteSwiftPackageReference "Alamofire" */,
				E604D0D02A05AAFA0011F931 /* XCRemoteSwiftPackageReference "firebase-ios-sdk" */,
				E610B18C2A14256B00EA9B1B /* XCRemoteSwiftPackageReference "IQKeyboardManager" */,
			);
			productRefGroup = E6D82AB529FC075700C46460 /* Products */;
			projectDirPath = "";
			projectRoot = "";
			targets = (
				E6D82AB329FC075700C46460 /* Aphrodite Chat */,
			);
		};
/* End PBXProject section */

/* Begin PBXResourcesBuildPhase section */
		E6D82AB229FC075700C46460 /* Resources */ = {
			isa = PBXResourcesBuildPhase;
			buildActionMask = 2147483647;
			files = (
				E604D0DF2A0E53370011F931 /* MessageCell.xib in Resources */,
				E6D82AC429FC075800C46460 /* LaunchScreen.storyboard in Resources */,
				E604D0D62A05E0E70011F931 /* GoogleService-Info.plist in Resources */,
				E6D82AC129FC075800C46460 /* Assets.xcassets in Resources */,
				E6D82ABF29FC075700C46460 /* Main.storyboard in Resources */,
			);
			runOnlyForDeploymentPostprocessing = 0;
		};
/* End PBXResourcesBuildPhase section */

/* Begin PBXShellScriptBuildPhase section */
		2B7DD3792118B4DF3CDEB9D0 /* [CP] Check Pods Manifest.lock */ = {
			isa = PBXShellScriptBuildPhase;
			buildActionMask = 2147483647;
			files = (
			);
			inputFileListPaths = (
			);
			inputPaths = (
				"${PODS_PODFILE_DIR_PATH}/Podfile.lock",
				"${PODS_ROOT}/Manifest.lock",
			);
			name = "[CP] Check Pods Manifest.lock";
			outputFileListPaths = (
			);
			outputPaths = (
				"$(DERIVED_FILE_DIR)/Pods-AphroditeChat-checkManifestLockResult.txt",
			);
			runOnlyForDeploymentPostprocessing = 0;
			shellPath = /bin/sh;
			shellScript = "diff \"${PODS_PODFILE_DIR_PATH}/Podfile.lock\" \"${PODS_ROOT}/Manifest.lock\" > /dev/null\nif [ $? != 0 ] ; then\n    # print error to STDERR\n    echo \"error: The sandbox is not in sync with the Podfile.lock. Run 'pod install' or update your CocoaPods installation.\" >&2\n    exit 1\nfi\n# This output is used by Xcode 'outputs' to avoid re-running this script phase.\necho \"SUCCESS\" > \"${SCRIPT_OUTPUT_FILE_0}\"\n";
			showEnvVarsInLog = 0;
		};
		8512542DC49E59D07237652C /* [CP] Embed Pods Frameworks */ = {
			isa = PBXShellScriptBuildPhase;
			buildActionMask = 2147483647;
			files = (
			);
			inputFileListPaths = (
				"${PODS_ROOT}/Target Support Files/Pods-AphroditeChat/Pods-AphroditeChat-frameworks-${CONFIGURATION}-input-files.xcfilelist",
			);
			name = "[CP] Embed Pods Frameworks";
			outputFileListPaths = (
				"${PODS_ROOT}/Target Support Files/Pods-AphroditeChat/Pods-AphroditeChat-frameworks-${CONFIGURATION}-output-files.xcfilelist",
			);
			runOnlyForDeploymentPostprocessing = 0;
			shellPath = /bin/sh;
			shellScript = "\"${PODS_ROOT}/Target Support Files/Pods-AphroditeChat/Pods-AphroditeChat-frameworks.sh\"\n";
			showEnvVarsInLog = 0;
		};
/* End PBXShellScriptBuildPhase section */

/* Begin PBXSourcesBuildPhase section */
		E6D82AB029FC075700C46460 /* Sources */ = {
			isa = PBXSourcesBuildPhase;
			buildActionMask = 2147483647;
			files = (
				E6D82ABC29FC075700C46460 /* WelcomeViewController.swift in Sources */,
				E6D82AB829FC075700C46460 /* AppDelegate.swift in Sources */,
				E6D82ABA29FC075700C46460 /* SceneDelegate.swift in Sources */,
				E6D82AD029FC081700C46460 /* LoginViewController.swift in Sources */,
				E604D0D82A0C068B0011F931 /* Constants.swift in Sources */,
				E604D0DB2A0E3D490011F931 /* Message.swift in Sources */,
				E6D82AD229FC082700C46460 /* ChatViewController.swift in Sources */,
				E6D82ACE29FC080B00C46460 /* RegisterViewController.swift in Sources */,
				E604D0DE2A0E53370011F931 /* MessageCell.swift in Sources */,
			);
			runOnlyForDeploymentPostprocessing = 0;
		};
/* End PBXSourcesBuildPhase section */

/* Begin PBXVariantGroup section */
		E6D82ABD29FC075700C46460 /* Main.storyboard */ = {
			isa = PBXVariantGroup;
			children = (
				E6D82ABE29FC075700C46460 /* Base */,
			);
			name = Main.storyboard;
			sourceTree = "<group>";
		};
		E6D82AC229FC075800C46460 /* LaunchScreen.storyboard */ = {
			isa = PBXVariantGroup;
			children = (
				E6D82AC329FC075800C46460 /* Base */,
			);
			name = LaunchScreen.storyboard;
			sourceTree = "<group>";
		};
/* End PBXVariantGroup section */

/* Begin XCBuildConfiguration section */
		E6D82AC629FC075800C46460 /* Debug */ = {
			isa = XCBuildConfiguration;
			buildSettings = {
				ALWAYS_SEARCH_USER_PATHS = NO;
				CLANG_ANALYZER_NONNULL = YES;
				CLANG_ANALYZER_NUMBER_OBJECT_CONVERSION = YES_AGGRESSIVE;
				CLANG_CXX_LANGUAGE_STANDARD = "gnu++17";
				CLANG_ENABLE_MODULES = YES;
				CLANG_ENABLE_OBJC_ARC = YES;
				CLANG_ENABLE_OBJC_WEAK = YES;
				CLANG_WARN_BLOCK_CAPTURE_AUTORELEASING = YES;
				CLANG_WARN_BOOL_CONVERSION = YES;
				CLANG_WARN_COMMA = YES;
				CLANG_WARN_CONSTANT_CONVERSION = YES;
				CLANG_WARN_DEPRECATED_OBJC_IMPLEMENTATIONS = YES;
				CLANG_WARN_DIRECT_OBJC_ISA_USAGE = YES_ERROR;
				CLANG_WARN_DOCUMENTATION_COMMENTS = YES;
				CLANG_WARN_EMPTY_BODY = YES;
				CLANG_WARN_ENUM_CONVERSION = YES;
				CLANG_WARN_INFINITE_RECURSION = YES;
				CLANG_WARN_INT_CONVERSION = YES;
				CLANG_WARN_NON_LITERAL_NULL_CONVERSION = YES;
				CLANG_WARN_OBJC_IMPLICIT_RETAIN_SELF = YES;
				CLANG_WARN_OBJC_LITERAL_CONVERSION = YES;
				CLANG_WARN_OBJC_ROOT_CLASS = YES_ERROR;
				CLANG_WARN_QUOTED_INCLUDE_IN_FRAMEWORK_HEADER = YES;
				CLANG_WARN_RANGE_LOOP_ANALYSIS = YES;
				CLANG_WARN_STRICT_PROTOTYPES = YES;
				CLANG_WARN_SUSPICIOUS_MOVE = YES;
				CLANG_WARN_UNGUARDED_AVAILABILITY = YES_AGGRESSIVE;
				CLANG_WARN_UNREACHABLE_CODE = YES;
				CLANG_WARN__DUPLICATE_METHOD_MATCH = YES;
				COPY_PHASE_STRIP = NO;
				DEBUG_INFORMATION_FORMAT = dwarf;
				ENABLE_STRICT_OBJC_MSGSEND = YES;
				ENABLE_TESTABILITY = YES;
				GCC_C_LANGUAGE_STANDARD = gnu11;
				GCC_DYNAMIC_NO_PIC = NO;
				GCC_NO_COMMON_BLOCKS = YES;
				GCC_OPTIMIZATION_LEVEL = 0;
				GCC_PREPROCESSOR_DEFINITIONS = (
					"DEBUG=1",
					"$(inherited)",
				);
				GCC_WARN_64_TO_32_BIT_CONVERSION = YES;
				GCC_WARN_ABOUT_RETURN_TYPE = YES_ERROR;
				GCC_WARN_UNDECLARED_SELECTOR = YES;
				GCC_WARN_UNINITIALIZED_AUTOS = YES_AGGRESSIVE;
				GCC_WARN_UNUSED_FUNCTION = YES;
				GCC_WARN_UNUSED_VARIABLE = YES;
				IPHONEOS_DEPLOYMENT_TARGET = 15.5;
				MTL_ENABLE_DEBUG_INFO = INCLUDE_SOURCE;
				MTL_FAST_MATH = YES;
				ONLY_ACTIVE_ARCH = YES;
				SDKROOT = iphoneos;
				SWIFT_ACTIVE_COMPILATION_CONDITIONS = DEBUG;
				SWIFT_OPTIMIZATION_LEVEL = "-Onone";
			};
			name = Debug;
		};
		E6D82AC729FC075800C46460 /* Release */ = {
			isa = XCBuildConfiguration;
			buildSettings = {
				ALWAYS_SEARCH_USER_PATHS = NO;
				CLANG_ANALYZER_NONNULL = YES;
				CLANG_ANALYZER_NUMBER_OBJECT_CONVERSION = YES_AGGRESSIVE;
				CLANG_CXX_LANGUAGE_STANDARD = "gnu++17";
				CLANG_ENABLE_MODULES = YES;
				CLANG_ENABLE_OBJC_ARC = YES;
				CLANG_ENABLE_OBJC_WEAK = YES;
				CLANG_WARN_BLOCK_CAPTURE_AUTORELEASING = YES;
				CLANG_WARN_BOOL_CONVERSION = YES;
				CLANG_WARN_COMMA = YES;
				CLANG_WARN_CONSTANT_CONVERSION = YES;
				CLANG_WARN_DEPRECATED_OBJC_IMPLEMENTATIONS = YES;
				CLANG_WARN_DIRECT_OBJC_ISA_USAGE = YES_ERROR;
				CLANG_WARN_DOCUMENTATION_COMMENTS = YES;
				CLANG_WARN_EMPTY_BODY = YES;
				CLANG_WARN_ENUM_CONVERSION = YES;
				CLANG_WARN_INFINITE_RECURSION = YES;
				CLANG_WARN_INT_CONVERSION = YES;
				CLANG_WARN_NON_LITERAL_NULL_CONVERSION = YES;
				CLANG_WARN_OBJC_IMPLICIT_RETAIN_SELF = YES;
				CLANG_WARN_OBJC_LITERAL_CONVERSION = YES;
				CLANG_WARN_OBJC_ROOT_CLASS = YES_ERROR;
				CLANG_WARN_QUOTED_INCLUDE_IN_FRAMEWORK_HEADER = YES;
				CLANG_WARN_RANGE_LOOP_ANALYSIS = YES;
				CLANG_WARN_STRICT_PROTOTYPES = YES;
				CLANG_WARN_SUSPICIOUS_MOVE = YES;
				CLANG_WARN_UNGUARDED_AVAILABILITY = YES_AGGRESSIVE;
				CLANG_WARN_UNREACHABLE_CODE = YES;
				CLANG_WARN__DUPLICATE_METHOD_MATCH = YES;
				COPY_PHASE_STRIP = NO;
				DEBUG_INFORMATION_FORMAT = "dwarf-with-dsym";
				ENABLE_NS_ASSERTIONS = NO;
				ENABLE_STRICT_OBJC_MSGSEND = YES;
				GCC_C_LANGUAGE_STANDARD = gnu11;
				GCC_NO_COMMON_BLOCKS = YES;
				GCC_WARN_64_TO_32_BIT_CONVERSION = YES;
				GCC_WARN_ABOUT_RETURN_TYPE = YES_ERROR;
				GCC_WARN_UNDECLARED_SELECTOR = YES;
				GCC_WARN_UNINITIALIZED_AUTOS = YES_AGGRESSIVE;
				GCC_WARN_UNUSED_FUNCTION = YES;
				GCC_WARN_UNUSED_VARIABLE = YES;
				IPHONEOS_DEPLOYMENT_TARGET = 15.5;
				MTL_ENABLE_DEBUG_INFO = NO;
				MTL_FAST_MATH = YES;
				SDKROOT = iphoneos;
				SWIFT_COMPILATION_MODE = wholemodule;
				SWIFT_OPTIMIZATION_LEVEL = "-O";
				VALIDATE_PRODUCT = YES;
			};
			name = Release;
		};
		E6D82AC929FC075800C46460 /* Debug */ = {
			isa = XCBuildConfiguration;
			baseConfigurationReference = 1E6F063449F08570296FB189 /* Pods-AphroditeChat.debug.xcconfig */;
			buildSettings = {
				ASSETCATALOG_COMPILER_APPICON_NAME = AppIcon;
				ASSETCATALOG_COMPILER_GLOBAL_ACCENT_COLOR_NAME = AccentColor;
				CODE_SIGN_STYLE = Automatic;
				CURRENT_PROJECT_VERSION = 3;
				DEVELOPMENT_TEAM = Q6BH8KCYLZ;
				GENERATE_INFOPLIST_FILE = YES;
				INFOPLIST_FILE = AphroditeChat/Info.plist;
				INFOPLIST_KEY_CFBundleDisplayName = Aphrodite;
				INFOPLIST_KEY_LSApplicationCategoryType = "public.app-category.social-networking";
				INFOPLIST_KEY_UIApplicationSupportsIndirectInputEvents = YES;
				INFOPLIST_KEY_UILaunchStoryboardName = LaunchScreen;
				INFOPLIST_KEY_UIMainStoryboardFile = Main;
				INFOPLIST_KEY_UISupportedInterfaceOrientations = UIInterfaceOrientationPortrait;
				INFOPLIST_KEY_UISupportedInterfaceOrientations_iPad = "UIInterfaceOrientationPortrait UIInterfaceOrientationPortraitUpsideDown UIInterfaceOrientationLandscapeLeft UIInterfaceOrientationLandscapeRight";
				INFOPLIST_KEY_UISupportedInterfaceOrientations_iPhone = "UIInterfaceOrientationPortrait UIInterfaceOrientationLandscapeLeft UIInterfaceOrientationLandscapeRight";
				LD_RUNPATH_SEARCH_PATHS = (
					"$(inherited)",
					"@executable_path/Frameworks",
				);
				MARKETING_VERSION = 0.1.0;
				PRODUCT_BUNDLE_IDENTIFIER = com.ezagor.AphroditeChat;
				PRODUCT_NAME = "$(TARGET_NAME)";
				SWIFT_EMIT_LOC_STRINGS = YES;
				SWIFT_VERSION = 5.0;
				TARGETED_DEVICE_FAMILY = 1;
			};
			name = Debug;
		};
		E6D82ACA29FC075800C46460 /* Release */ = {
			isa = XCBuildConfiguration;
			baseConfigurationReference = FB697C83A69226AA49390712 /* Pods-AphroditeChat.release.xcconfig */;
			buildSettings = {
				ASSETCATALOG_COMPILER_APPICON_NAME = AppIcon;
				ASSETCATALOG_COMPILER_GLOBAL_ACCENT_COLOR_NAME = AccentColor;
				CODE_SIGN_STYLE = Automatic;
				CURRENT_PROJECT_VERSION = 3;
				DEVELOPMENT_TEAM = Q6BH8KCYLZ;
				GENERATE_INFOPLIST_FILE = YES;
				INFOPLIST_FILE = AphroditeChat/Info.plist;
				INFOPLIST_KEY_CFBundleDisplayName = Aphrodite;
				INFOPLIST_KEY_LSApplicationCategoryType = "public.app-category.social-networking";
				INFOPLIST_KEY_UIApplicationSupportsIndirectInputEvents = YES;
				INFOPLIST_KEY_UILaunchStoryboardName = LaunchScreen;
				INFOPLIST_KEY_UIMainStoryboardFile = Main;
				INFOPLIST_KEY_UISupportedInterfaceOrientations = UIInterfaceOrientationPortrait;
				INFOPLIST_KEY_UISupportedInterfaceOrientations_iPad = "UIInterfaceOrientationPortrait UIInterfaceOrientationPortraitUpsideDown UIInterfaceOrientationLandscapeLeft UIInterfaceOrientationLandscapeRight";
				INFOPLIST_KEY_UISupportedInterfaceOrientations_iPhone = "UIInterfaceOrientationPortrait UIInterfaceOrientationLandscapeLeft UIInterfaceOrientationLandscapeRight";
				LD_RUNPATH_SEARCH_PATHS = (
					"$(inherited)",
					"@executable_path/Frameworks",
				);
				MARKETING_VERSION = 0.1.0;
				PRODUCT_BUNDLE_IDENTIFIER = com.ezagor.AphroditeChat;
				PRODUCT_NAME = "$(TARGET_NAME)";
				SWIFT_EMIT_LOC_STRINGS = YES;
				SWIFT_VERSION = 5.0;
				TARGETED_DEVICE_FAMILY = 1;
			};
			name = Release;
		};
/* End XCBuildConfiguration section */

/* Begin XCConfigurationList section */
		E6D82AAF29FC075700C46460 /* Build configuration list for PBXProject "Aphrodite Chat" */ = {
			isa = XCConfigurationList;
			buildConfigurations = (
				E6D82AC629FC075800C46460 /* Debug */,
				E6D82AC729FC075800C46460 /* Release */,
			);
			defaultConfigurationIsVisible = 0;
			defaultConfigurationName = Release;
		};
		E6D82AC829FC075800C46460 /* Build configuration list for PBXNativeTarget "Aphrodite Chat" */ = {
			isa = XCConfigurationList;
			buildConfigurations = (
				E6D82AC929FC075800C46460 /* Debug */,
				E6D82ACA29FC075800C46460 /* Release */,
			);
			defaultConfigurationIsVisible = 0;
			defaultConfigurationName = Release;
		};
/* End XCConfigurationList section */

/* Begin XCRemoteSwiftPackageReference section */
		E604D0CB2A059B180011F931 /* XCRemoteSwiftPackageReference "Alamofire" */ = {
			isa = XCRemoteSwiftPackageReference;
			repositoryURL = "https://github.com/Alamofire/Alamofire";
			requirement = {
				kind = upToNextMajorVersion;
				minimumVersion = 5.0.0;
			};
		};
		E604D0D02A05AAFA0011F931 /* XCRemoteSwiftPackageReference "firebase-ios-sdk" */ = {
			isa = XCRemoteSwiftPackageReference;
			repositoryURL = "https://github.com/firebase/firebase-ios-sdk";
			requirement = {
				kind = upToNextMajorVersion;
				minimumVersion = 9.0.0;
			};
		};
		E610B18C2A14256B00EA9B1B /* XCRemoteSwiftPackageReference "IQKeyboardManager" */ = {
			isa = XCRemoteSwiftPackageReference;
			repositoryURL = "https://github.com/hackiftekhar/IQKeyboardManager";
			requirement = {
				branch = master;
				kind = branch;
			};
		};
/* End XCRemoteSwiftPackageReference section */

/* Begin XCSwiftPackageProductDependency section */
		E604D0CC2A059B180011F931 /* Alamofire */ = {
			isa = XCSwiftPackageProductDependency;
			package = E604D0CB2A059B180011F931 /* XCRemoteSwiftPackageReference "Alamofire" */;
			productName = Alamofire;
		};
		E604D0D12A05AAFA0011F931 /* FirebaseAuth */ = {
			isa = XCSwiftPackageProductDependency;
			package = E604D0D02A05AAFA0011F931 /* XCRemoteSwiftPackageReference "firebase-ios-sdk" */;
			productName = FirebaseAuth;
		};
		E604D0D32A05AAFA0011F931 /* FirebaseFirestore */ = {
			isa = XCSwiftPackageProductDependency;
			package = E604D0D02A05AAFA0011F931 /* XCRemoteSwiftPackageReference "firebase-ios-sdk" */;
			productName = FirebaseFirestore;
		};
		E610B18D2A14256B00EA9B1B /* IQKeyboardManagerSwift */ = {
			isa = XCSwiftPackageProductDependency;
			package = E610B18C2A14256B00EA9B1B /* XCRemoteSwiftPackageReference "IQKeyboardManager" */;
			productName = IQKeyboardManagerSwift;
		};
/* End XCSwiftPackageProductDependency section */
	};
	rootObject = E6D82AAC29FC075700C46460 /* Project object */;
}
